
Microsoft Visual Studio Solution File, Format Version 12.00
# Visual Studio 15
VisualStudioVersion = 15.0.28307.2017
MinimumVisualStudioVersion = 10.0.40219.1
Project("{FAE04EC0-301F-11D3-BF4B-00C04F79EFBC}") = "stochastic_longs", "stochastic_longs\stochastic_longs.csproj", "{EB7EB85D-B00C-46C9-A975-31186F526412}"
EndProject
Global
	GlobalSection(SolutionConfigurationPlatforms) = preSolution
		Debug|Any CPU = Debug|Any CPU
		Release|Any CPU = Release|Any CPU
	EndGlobalSection
	GlobalSection(ProjectConfigurationPlatforms) = postSolution
		{EB7EB85D-B00C-46C9-A975-31186F526412}.Debug|Any CPU.ActiveCfg = Debug|Any CPU
		{EB7EB85D-B00C-46C9-A975-31186F526412}.Debug|Any CPU.Build.0 = Debug|Any CPU
		{EB7EB85D-B00C-46C9-A975-31186F526412}.Release|Any CPU.ActiveCfg = Release|Any CPU
		{EB7EB85D-B00C-46C9-A975-31186F526412}.Release|Any CPU.Build.0 = Release|Any CPU
	EndGlobalSection
	GlobalSection(SolutionProperties) = preSolution
		HideSolutionNode = FALSE
	EndGlobalSection
	GlobalSection(ExtensibilityGlobals) = postSolution
		SolutionGuid = {E12C544E-14B0-4DFA-9037-4FF5BB6A1E69}
	EndGlobalSection
EndGlobal
