
Microsoft Visual Studio Solution File, Format Version 12.00
# Visual Studio 15
VisualStudioVersion = 15.0.28307.2017
MinimumVisualStudioVersion = 10.0.40219.1
Project("{FAE04EC0-301F-11D3-BF4B-00C04F79EFBC}") = "aroon_shorts", "aroon_shorts\aroon_shorts.csproj", "{8D13DB87-0B6B-4147-A171-29E692D6EB55}"
EndProject
Global
	GlobalSection(SolutionConfigurationPlatforms) = preSolution
		Debug|Any CPU = Debug|Any CPU
		Release|Any CPU = Release|Any CPU
	EndGlobalSection
	GlobalSection(ProjectConfigurationPlatforms) = postSolution
		{8D13DB87-0B6B-4147-A171-29E692D6EB55}.Debug|Any CPU.ActiveCfg = Debug|Any CPU
		{8D13DB87-0B6B-4147-A171-29E692D6EB55}.Debug|Any CPU.Build.0 = Debug|Any CPU
		{8D13DB87-0B6B-4147-A171-29E692D6EB55}.Release|Any CPU.ActiveCfg = Release|Any CPU
		{8D13DB87-0B6B-4147-A171-29E692D6EB55}.Release|Any CPU.Build.0 = Release|Any CPU
	EndGlobalSection
	GlobalSection(SolutionProperties) = preSolution
		HideSolutionNode = FALSE
	EndGlobalSection
	GlobalSection(ExtensibilityGlobals) = postSolution
		SolutionGuid = {7191F431-A635-4501-96CC-4FB3ACFB1D01}
	EndGlobalSection
EndGlobal
